
Microsoft Visual Studio Solution File, Format Version 12.00
# Visual Studio Version 17
VisualStudioVersion = 17.4.33205.214
MinimumVisualStudioVersion = 10.0.40219.1
Project("{FAE04EC0-301F-11D3-BF4B-00C04F79EFBC}") = "Stacknative.File.Save.Handler", "Stacknative.File.Save.Handler\Stacknative.File.Save.Handler.csproj", "{0907DBA3-7031-4DEF-9926-CE6BDBBA4524}"
EndProject
Global
	GlobalSection(SolutionConfigurationPlatforms) = preSolution
		Debug|Any CPU = Debug|Any CPU
		Release|Any CPU = Release|Any CPU
	EndGlobalSection
	GlobalSection(ProjectConfigurationPlatforms) = postSolution
		{0907DBA3-7031-4DEF-9926-CE6BDBBA4524}.Debug|Any CPU.ActiveCfg = Debug|Any CPU
		{0907DBA3-7031-4DEF-9926-CE6BDBBA4524}.Debug|Any CPU.Build.0 = Debug|Any CPU
		{0907DBA3-7031-4DEF-9926-CE6BDBBA4524}.Release|Any CPU.ActiveCfg = Release|Any CPU
		{0907DBA3-7031-4DEF-9926-CE6BDBBA4524}.Release|Any CPU.Build.0 = Release|Any CPU
	EndGlobalSection
	GlobalSection(SolutionProperties) = preSolution
		HideSolutionNode = FALSE
	EndGlobalSection
	GlobalSection(ExtensibilityGlobals) = postSolution
		SolutionGuid = {800EDA2D-A48E-4F7A-8CDF-8CE6D1D91DA5}
	EndGlobalSection
EndGlobal
